
Microsoft Visual Studio Solution File, Format Version 12.00
# Visual Studio Version 16
VisualStudioVersion = 16.0.32929.386
MinimumVisualStudioVersion = 10.0.40219.1
Project("{FAE04EC0-301F-11D3-BF4B-00C04F79EFBC}") = "APIRh", "APIRh.csproj", "{ECEA1B95-7F32-4261-804C-446BDBC3FBFC}"
EndProject
Global
	GlobalSection(SolutionConfigurationPlatforms) = preSolution
		Debug|Any CPU = Debug|Any CPU
		Release|Any CPU = Release|Any CPU
	EndGlobalSection
	GlobalSection(ProjectConfigurationPlatforms) = postSolution
		{ECEA1B95-7F32-4261-804C-446BDBC3FBFC}.Debug|Any CPU.ActiveCfg = Debug|Any CPU
		{ECEA1B95-7F32-4261-804C-446BDBC3FBFC}.Debug|Any CPU.Build.0 = Debug|Any CPU
		{ECEA1B95-7F32-4261-804C-446BDBC3FBFC}.Release|Any CPU.ActiveCfg = Release|Any CPU
		{ECEA1B95-7F32-4261-804C-446BDBC3FBFC}.Release|Any CPU.Build.0 = Release|Any CPU
	EndGlobalSection
	GlobalSection(SolutionProperties) = preSolution
		HideSolutionNode = FALSE
	EndGlobalSection
	GlobalSection(ExtensibilityGlobals) = postSolution
		SolutionGuid = {6EAF5E8C-A06E-4504-873F-BDE8C9D231F3}
	EndGlobalSection
EndGlobal
